{
  "name": "worker",
  "version": "1.0.0",
  "lockfileVersion": 3,
  "requires": true,
  "packages": {
    "": {
      "name": "worker",
      "version": "1.0.0",
      "license": "ISC",
      "devDependencies": {
        "@cloudflare/workers-oauth-provider": "^0.0.2",
        "@cloudflare/workers-types": "^4.20250327.0",
        "typescript": "^5.8.2"
      }
    },
    "node_modules/@cloudflare/workers-oauth-provider": {
      "version": "0.0.2",
      "resolved": "https://registry.npmjs.org/@cloudflare/workers-oauth-provider/-/workers-oauth-provider-0.0.2.tgz",
      "integrity": "sha512-/4ITlItqtmG077CBdo/14c4GNrhLDQ9Y/+mDMEppzXz5g0gVbYjzZGtXrQFQG1mfOHNfXmNxgVwin2eh0X423Q==",
      "dev": true,
      "license": "MIT",
      "dependencies": {
        "@cloudflare/workers-types": "^4.20250311.0"
      }
    },
    "node_modules/@cloudflare/workers-types": {
      "version": "4.20250327.0",
      "resolved": "https://registry.npmjs.org/@cloudflare/workers-types/-/workers-types-4.20250327.0.tgz",
      "integrity": "sha512-rkoGnSY/GgBLCuhjZMIC3mt0jjqqvL17uOK92OI4eivmE+pMFOAchowDxIWOzDyYe5vwNCakbCeIM/FrSmwGJA==",
      "dev": true,
      "license": "MIT OR Apache-2.0"
    },
    "node_modules/typescript": {
      "version": "5.8.2",
      "resolved": "https://registry.npmjs.org/typescript/-/typescript-5.8.2.tgz",
      "integrity": "sha512-aJn6wq13/afZp/jT9QZmwEjDqqvSGp1VT5GVg+f/t6/oVyrgXM6BY1h9BRh/O5p3PlUPAe+WuiEZOmb/49RqoQ==",
      "dev": true,
      "license": "Apache-2.0",
      "bin": {
        "tsc": "bin/tsc",
        "tsserver": "bin/tsserver"
      },
      "engines": {
        "node": ">=14.17"
      }
    }
  }
}
